// !$*UTF8*$!
{
	archiveVersion = 1;
	classes = {
	};
	objectVersion = 46;
	objects = {

/* Begin PBXBuildFile section */
		22186D08183D86A5005E42AC /* Foundation.framework in Frameworks */ = {isa = PBXBuildFile; fileRef = 22186D07183D86A5005E42AC /* Foundation.framework */; };
		22186D0A183D86A5005E42AC /* CoreGraphics.framework in Frameworks */ = {isa = PBXBuildFile; fileRef = 22186D09183D86A5005E42AC /* CoreGraphics.framework */; };
		22186D0C183D86A5005E42AC /* UIKit.framework in Frameworks */ = {isa = PBXBuildFile; fileRef = 22186D0B183D86A5005E42AC /* UIKit.framework */; };
		22186D12183D86A5005E42AC /* InfoPlist.strings in Resources */ = {isa = PBXBuildFile; fileRef = 22186D10183D86A5005E42AC /* InfoPlist.strings */; };
		22186D14183D86A5005E42AC /* main.m in Sources */ = {isa = PBXBuildFile; fileRef = 22186D13183D86A5005E42AC /* main.m */; };
		22186D18183D86A5005E42AC /* AppDelegate.m in Sources */ = {isa = PBXBuildFile; fileRef = 22186D17183D86A5005E42AC /* AppDelegate.m */; };
		22186D1E183D86A5005E42AC /* MainViewController.m in Sources */ = {isa = PBXBuildFile; fileRef = 22186D1D183D86A5005E42AC /* MainViewController.m */; };
		22186D21183D86A5005E42AC /* PortletViewController.m in Sources */ = {isa = PBXBuildFile; fileRef = 22186D20183D86A5005E42AC /* PortletViewController.m */; };
		22186D23183D86A5005E42AC /* Assets.xcassets in Resources */ = {isa = PBXBuildFile; fileRef = 22186D22183D86A5005E42AC /* Assets.xcassets */; };
		22186D41183D8859005E42AC /* TableCell.m in Sources */ = {isa = PBXBuildFile; fileRef = 22186D40183D8859005E42AC /* TableCell.m */; };
		229EE3F218989533004EAACB /* Reachability.m in Sources */ = {isa = PBXBuildFile; fileRef = 229EE3F118989533004EAACB /* Reachability.m */; };
		752698E618DC7C33002234FC /* LayoutJSON.m in Sources */ = {isa = PBXBuildFile; fileRef = 752698E518DC7C33002234FC /* LayoutJSON.m */; };
		75D3A09918BE9741008D7239 /* LoginViewController.m in Sources */ = {isa = PBXBuildFile; fileRef = 75D3A09818BE9741008D7239 /* LoginViewController.m */; };
		75E5AF1F18C52B4400CF6EBE /* libxml2.dylib in Frameworks */ = {isa = PBXBuildFile; fileRef = 75E5AF1E18C52B4400CF6EBE /* libxml2.dylib */; };
		B52E8EC9195DEFDC001363D2 /* NSString+URLEncoding.m in Sources */ = {isa = PBXBuildFile; fileRef = B52E8EC8195DEFDC001363D2 /* NSString+URLEncoding.m */; };
		B560C0281C2E5A070036635A /* Launch Screen.storyboard in Resources */ = {isa = PBXBuildFile; fileRef = B560C0271C2E5A070036635A /* Launch Screen.storyboard */; };
		B58AF2141964A2130023731F /* Main.storyboard in Resources */ = {isa = PBXBuildFile; fileRef = B58AF2131964A2130023731F /* Main.storyboard */; };
		B59B7E5B18C66910007C1FBD /* NJKWebViewProgress.m in Sources */ = {isa = PBXBuildFile; fileRef = B59B7E5818C66910007C1FBD /* NJKWebViewProgress.m */; };
		B59B7E5C18C66910007C1FBD /* NJKWebViewProgressView.m in Sources */ = {isa = PBXBuildFile; fileRef = B59B7E5A18C66910007C1FBD /* NJKWebViewProgressView.m */; };
		B5AAC994191D028400F6DDA7 /* InfoViewController.m in Sources */ = {isa = PBXBuildFile; fileRef = B5AAC993191D028400F6DDA7 /* InfoViewController.m */; };
		B5AC41A81906BFD100E78E34 /* Constants.m in Sources */ = {isa = PBXBuildFile; fileRef = B5AC41A71906BFD100E78E34 /* Constants.m */; };
		B5B86625191ABB1100C9F460 /* HeaderView.m in Sources */ = {isa = PBXBuildFile; fileRef = B5B86624191ABB1100C9F460 /* HeaderView.m */; };
		B5DC2DAC18DA0D4C001F0579 /* KeychainItemWrapper.m in Sources */ = {isa = PBXBuildFile; fileRef = B5DC2DAB18DA0D4C001F0579 /* KeychainItemWrapper.m */; };
		B5E3559219118C8700AD7506 /* Authenticator.m in Sources */ = {isa = PBXBuildFile; fileRef = B5E3559119118C8700AD7506 /* Authenticator.m */; };
		B5F9795118D8CDEA001B48A1 /* Other Services Portlets.plist in Resources */ = {isa = PBXBuildFile; fileRef = B5F9795018D8CDEA001B48A1 /* Other Services Portlets.plist */; };
		FC53FC5019E5DFD400FEBE73 /* ErrorViewController.m in Sources */ = {isa = PBXBuildFile; fileRef = FC53FC4F19E5DFD400FEBE73 /* ErrorViewController.m */; };
		FC77CC101A0413E600DE6E98 /* TableActivityIndicatorView.m in Sources */ = {isa = PBXBuildFile; fileRef = FC77CC0F1A0413E600DE6E98 /* TableActivityIndicatorView.m */; };
		FCC051FD19DB60530031A838 /* Config.m in Sources */ = {isa = PBXBuildFile; fileRef = FCC051FC19DB60530031A838 /* Config.m */; };
/* End PBXBuildFile section */

/* Begin PBXFileReference section */
		22186D04183D86A5005E42AC /* uMobile.app */ = {isa = PBXFileReference; explicitFileType = wrapper.application; includeInIndex = 0; path = uMobile.app; sourceTree = BUILT_PRODUCTS_DIR; };
		22186D07183D86A5005E42AC /* Foundation.framework */ = {isa = PBXFileReference; lastKnownFileType = wrapper.framework; name = Foundation.framework; path = System/Library/Frameworks/Foundation.framework; sourceTree = SDKROOT; };
		22186D09183D86A5005E42AC /* CoreGraphics.framework */ = {isa = PBXFileReference; lastKnownFileType = wrapper.framework; name = CoreGraphics.framework; path = System/Library/Frameworks/CoreGraphics.framework; sourceTree = SDKROOT; };
		22186D0B183D86A5005E42AC /* UIKit.framework */ = {isa = PBXFileReference; lastKnownFileType = wrapper.framework; name = UIKit.framework; path = System/Library/Frameworks/UIKit.framework; sourceTree = SDKROOT; };
		22186D0F183D86A5005E42AC /* uMobile-Info.plist */ = {isa = PBXFileReference; lastKnownFileType = text.plist.xml; path = "uMobile-Info.plist"; sourceTree = "<group>"; };
		22186D11183D86A5005E42AC /* en */ = {isa = PBXFileReference; lastKnownFileType = text.plist.strings; name = en; path = en.lproj/InfoPlist.strings; sourceTree = "<group>"; };
		22186D13183D86A5005E42AC /* main.m */ = {isa = PBXFileReference; lastKnownFileType = sourcecode.c.objc; lineEnding = 0; path = main.m; sourceTree = "<group>"; xcLanguageSpecificationIdentifier = xcode.lang.objc; };
		22186D15183D86A5005E42AC /* uMobile-Prefix.pch */ = {isa = PBXFileReference; lastKnownFileType = sourcecode.c.h; path = "uMobile-Prefix.pch"; sourceTree = "<group>"; };
		22186D16183D86A5005E42AC /* AppDelegate.h */ = {isa = PBXFileReference; lastKnownFileType = sourcecode.c.h; lineEnding = 0; path = AppDelegate.h; sourceTree = "<group>"; xcLanguageSpecificationIdentifier = xcode.lang.objcpp; };
		22186D17183D86A5005E42AC /* AppDelegate.m */ = {isa = PBXFileReference; lastKnownFileType = sourcecode.c.objc; lineEnding = 0; path = AppDelegate.m; sourceTree = "<group>"; xcLanguageSpecificationIdentifier = xcode.lang.objc; };
		22186D1C183D86A5005E42AC /* MainViewController.h */ = {isa = PBXFileReference; lastKnownFileType = sourcecode.c.h; lineEnding = 0; path = MainViewController.h; sourceTree = "<group>"; xcLanguageSpecificationIdentifier = xcode.lang.objcpp; };
		22186D1D183D86A5005E42AC /* MainViewController.m */ = {isa = PBXFileReference; lastKnownFileType = sourcecode.c.objc; lineEnding = 0; path = MainViewController.m; sourceTree = "<group>"; xcLanguageSpecificationIdentifier = xcode.lang.objc; };
		22186D1F183D86A5005E42AC /* PortletViewController.h */ = {isa = PBXFileReference; lastKnownFileType = sourcecode.c.h; lineEnding = 0; path = PortletViewController.h; sourceTree = "<group>"; xcLanguageSpecificationIdentifier = xcode.lang.objcpp; };
		22186D20183D86A5005E42AC /* PortletViewController.m */ = {isa = PBXFileReference; lastKnownFileType = sourcecode.c.objc; lineEnding = 0; path = PortletViewController.m; sourceTree = "<group>"; xcLanguageSpecificationIdentifier = xcode.lang.objc; };
		22186D22183D86A5005E42AC /* Assets.xcassets */ = {isa = PBXFileReference; lastKnownFileType = folder.assetcatalog; path = Assets.xcassets; sourceTree = "<group>"; };
		22186D3F183D8859005E42AC /* TableCell.h */ = {isa = PBXFileReference; fileEncoding = 4; lastKnownFileType = sourcecode.c.h; lineEnding = 0; path = TableCell.h; sourceTree = "<group>"; xcLanguageSpecificationIdentifier = xcode.lang.objcpp; };
		22186D40183D8859005E42AC /* TableCell.m */ = {isa = PBXFileReference; fileEncoding = 4; lastKnownFileType = sourcecode.c.objc; lineEnding = 0; path = TableCell.m; sourceTree = "<group>"; xcLanguageSpecificationIdentifier = xcode.lang.objc; };
		229EE3F018989533004EAACB /* Reachability.h */ = {isa = PBXFileReference; fileEncoding = 4; lastKnownFileType = sourcecode.c.h; path = Reachability.h; sourceTree = "<group>"; };
		229EE3F118989533004EAACB /* Reachability.m */ = {isa = PBXFileReference; fileEncoding = 4; lastKnownFileType = sourcecode.c.objc; path = Reachability.m; sourceTree = "<group>"; };
		752698E418DC7C33002234FC /* LayoutJSON.h */ = {isa = PBXFileReference; fileEncoding = 4; lastKnownFileType = sourcecode.c.h; lineEnding = 0; path = LayoutJSON.h; sourceTree = "<group>"; xcLanguageSpecificationIdentifier = xcode.lang.objcpp; };
		752698E518DC7C33002234FC /* LayoutJSON.m */ = {isa = PBXFileReference; fileEncoding = 4; lastKnownFileType = sourcecode.c.objc; lineEnding = 0; path = LayoutJSON.m; sourceTree = "<group>"; xcLanguageSpecificationIdentifier = xcode.lang.objc; };
		75D3A09718BE9741008D7239 /* LoginViewController.h */ = {isa = PBXFileReference; fileEncoding = 4; lastKnownFileType = sourcecode.c.h; lineEnding = 0; path = LoginViewController.h; sourceTree = "<group>"; xcLanguageSpecificationIdentifier = xcode.lang.objcpp; };
		75D3A09818BE9741008D7239 /* LoginViewController.m */ = {isa = PBXFileReference; fileEncoding = 4; lastKnownFileType = sourcecode.c.objc; lineEnding = 0; path = LoginViewController.m; sourceTree = "<group>"; xcLanguageSpecificationIdentifier = xcode.lang.objc; };
		75E5AF1E18C52B4400CF6EBE /* libxml2.dylib */ = {isa = PBXFileReference; lastKnownFileType = "compiled.mach-o.dylib"; name = libxml2.dylib; path = usr/lib/libxml2.dylib; sourceTree = SDKROOT; };
		B52E8EC7195DEFDC001363D2 /* NSString+URLEncoding.h */ = {isa = PBXFileReference; fileEncoding = 4; lastKnownFileType = sourcecode.c.h; path = "NSString+URLEncoding.h"; sourceTree = "<group>"; };
		B52E8EC8195DEFDC001363D2 /* NSString+URLEncoding.m */ = {isa = PBXFileReference; fileEncoding = 4; lastKnownFileType = sourcecode.c.objc; path = "NSString+URLEncoding.m"; sourceTree = "<group>"; };
		B560C0271C2E5A070036635A /* Launch Screen.storyboard */ = {isa = PBXFileReference; fileEncoding = 4; lastKnownFileType = file.storyboard; path = "Launch Screen.storyboard"; sourceTree = "<group>"; };
		B58AF2131964A2130023731F /* Main.storyboard */ = {isa = PBXFileReference; fileEncoding = 4; lastKnownFileType = file.storyboard; name = Main.storyboard; path = Base.lproj/Main.storyboard; sourceTree = "<group>"; };
		B59B071518D2300500C2B5E5 /* Constants.h */ = {isa = PBXFileReference; lastKnownFileType = sourcecode.c.h; lineEnding = 0; path = Constants.h; sourceTree = "<group>"; xcLanguageSpecificationIdentifier = xcode.lang.objcpp; };
		B59B7E5718C66910007C1FBD /* NJKWebViewProgress.h */ = {isa = PBXFileReference; fileEncoding = 4; lastKnownFileType = sourcecode.c.h; path = NJKWebViewProgress.h; sourceTree = "<group>"; };
		B59B7E5818C66910007C1FBD /* NJKWebViewProgress.m */ = {isa = PBXFileReference; fileEncoding = 4; lastKnownFileType = sourcecode.c.objc; path = NJKWebViewProgress.m; sourceTree = "<group>"; };
		B59B7E5918C66910007C1FBD /* NJKWebViewProgressView.h */ = {isa = PBXFileReference; fileEncoding = 4; lastKnownFileType = sourcecode.c.h; path = NJKWebViewProgressView.h; sourceTree = "<group>"; };
		B59B7E5A18C66910007C1FBD /* NJKWebViewProgressView.m */ = {isa = PBXFileReference; fileEncoding = 4; lastKnownFileType = sourcecode.c.objc; path = NJKWebViewProgressView.m; sourceTree = "<group>"; };
		B5AAC992191D028300F6DDA7 /* InfoViewController.h */ = {isa = PBXFileReference; fileEncoding = 4; lastKnownFileType = sourcecode.c.h; path = InfoViewController.h; sourceTree = "<group>"; };
		B5AAC993191D028400F6DDA7 /* InfoViewController.m */ = {isa = PBXFileReference; fileEncoding = 4; lastKnownFileType = sourcecode.c.objc; path = InfoViewController.m; sourceTree = "<group>"; };
		B5AC41A71906BFD100E78E34 /* Constants.m */ = {isa = PBXFileReference; fileEncoding = 4; lastKnownFileType = sourcecode.c.objc; lineEnding = 0; path = Constants.m; sourceTree = "<group>"; xcLanguageSpecificationIdentifier = xcode.lang.objc; };
		B5B86623191ABB1100C9F460 /* HeaderView.h */ = {isa = PBXFileReference; fileEncoding = 4; lastKnownFileType = sourcecode.c.h; path = HeaderView.h; sourceTree = "<group>"; };
		B5B86624191ABB1100C9F460 /* HeaderView.m */ = {isa = PBXFileReference; fileEncoding = 4; lastKnownFileType = sourcecode.c.objc; path = HeaderView.m; sourceTree = "<group>"; };
		B5DC2DAA18DA0D4C001F0579 /* KeychainItemWrapper.h */ = {isa = PBXFileReference; fileEncoding = 4; lastKnownFileType = sourcecode.c.h; path = KeychainItemWrapper.h; sourceTree = "<group>"; };
		B5DC2DAB18DA0D4C001F0579 /* KeychainItemWrapper.m */ = {isa = PBXFileReference; fileEncoding = 4; lastKnownFileType = sourcecode.c.objc; path = KeychainItemWrapper.m; sourceTree = "<group>"; };
		B5E3559019118C8700AD7506 /* Authenticator.h */ = {isa = PBXFileReference; fileEncoding = 4; lastKnownFileType = sourcecode.c.h; lineEnding = 0; path = Authenticator.h; sourceTree = "<group>"; xcLanguageSpecificationIdentifier = xcode.lang.objcpp; };
		B5E3559119118C8700AD7506 /* Authenticator.m */ = {isa = PBXFileReference; fileEncoding = 4; lastKnownFileType = sourcecode.c.objc; lineEnding = 0; path = Authenticator.m; sourceTree = "<group>"; xcLanguageSpecificationIdentifier = xcode.lang.objc; };
		B5F9795018D8CDEA001B48A1 /* Other Services Portlets.plist */ = {isa = PBXFileReference; fileEncoding = 4; lastKnownFileType = text.plist.xml; path = "Other Services Portlets.plist"; sourceTree = "<group>"; };
		FC53FC4E19E5DFD400FEBE73 /* ErrorViewController.h */ = {isa = PBXFileReference; fileEncoding = 4; lastKnownFileType = sourcecode.c.h; path = ErrorViewController.h; sourceTree = "<group>"; };
		FC53FC4F19E5DFD400FEBE73 /* ErrorViewController.m */ = {isa = PBXFileReference; fileEncoding = 4; lastKnownFileType = sourcecode.c.objc; path = ErrorViewController.m; sourceTree = "<group>"; };
		FC77CC0E1A0413E600DE6E98 /* TableActivityIndicatorView.h */ = {isa = PBXFileReference; fileEncoding = 4; lastKnownFileType = sourcecode.c.h; path = TableActivityIndicatorView.h; sourceTree = "<group>"; };
		FC77CC0F1A0413E600DE6E98 /* TableActivityIndicatorView.m */ = {isa = PBXFileReference; fileEncoding = 4; lastKnownFileType = sourcecode.c.objc; path = TableActivityIndicatorView.m; sourceTree = "<group>"; };
		FCC051FB19DB60530031A838 /* Config.h */ = {isa = PBXFileReference; fileEncoding = 4; lastKnownFileType = sourcecode.c.h; path = Config.h; sourceTree = "<group>"; };
		FCC051FC19DB60530031A838 /* Config.m */ = {isa = PBXFileReference; fileEncoding = 4; lastKnownFileType = sourcecode.c.objc; path = Config.m; sourceTree = "<group>"; };
/* End PBXFileReference section */

/* Begin PBXFrameworksBuildPhase section */
		22186D01183D86A5005E42AC /* Frameworks */ = {
			isa = PBXFrameworksBuildPhase;
			buildActionMask = 2147483647;
			files = (
				75E5AF1F18C52B4400CF6EBE /* libxml2.dylib in Frameworks */,
				22186D0A183D86A5005E42AC /* CoreGraphics.framework in Frameworks */,
				22186D0C183D86A5005E42AC /* UIKit.framework in Frameworks */,
				22186D08183D86A5005E42AC /* Foundation.framework in Frameworks */,
			);
			runOnlyForDeploymentPostprocessing = 0;
		};
/* End PBXFrameworksBuildPhase section */

/* Begin PBXGroup section */
		22186CFB183D86A5005E42AC = {
			isa = PBXGroup;
			children = (
				22186D0D183D86A5005E42AC /* uMobile */,
				22186D06183D86A5005E42AC /* Frameworks */,
				22186D05183D86A5005E42AC /* Products */,
			);
			sourceTree = "<group>";
		};
		22186D05183D86A5005E42AC /* Products */ = {
			isa = PBXGroup;
			children = (
				22186D04183D86A5005E42AC /* uMobile.app */,
			);
			name = Products;
			sourceTree = "<group>";
		};
		22186D06183D86A5005E42AC /* Frameworks */ = {
			isa = PBXGroup;
			children = (
				75E5AF1E18C52B4400CF6EBE /* libxml2.dylib */,
				22186D07183D86A5005E42AC /* Foundation.framework */,
				22186D09183D86A5005E42AC /* CoreGraphics.framework */,
				22186D0B183D86A5005E42AC /* UIKit.framework */,
			);
			name = Frameworks;
			sourceTree = "<group>";
		};
		22186D0D183D86A5005E42AC /* uMobile */ = {
			isa = PBXGroup;
			children = (
				B58AF2131964A2130023731F /* Main.storyboard */,
				22186D16183D86A5005E42AC /* AppDelegate.h */,
				22186D17183D86A5005E42AC /* AppDelegate.m */,
				75908F3418DC9C15007861B7 /* Model */,
				75908F3318DC9C02007861B7 /* View */,
				75908F3518DC9C2A007861B7 /* Controller */,
				FCC051FE19DB60620031A838 /* Helpers */,
				22186D0E183D86A5005E42AC /* Supporting Files */,
				22186D22183D86A5005E42AC /* Assets.xcassets */,
				B560C0271C2E5A070036635A /* Launch Screen.storyboard */,
			);
			path = uMobile;
			sourceTree = "<group>";
		};
		22186D0E183D86A5005E42AC /* Supporting Files */ = {
			isa = PBXGroup;
			children = (
				B5F9795018D8CDEA001B48A1 /* Other Services Portlets.plist */,
				B5DC2DA918DA0D4C001F0579 /* KeychainItemWrapper */,
				B59B7E5618C66910007C1FBD /* NJKWebViewProgress */,
				FC53FC5119E6CE3900FEBE73 /* Reachability */,
				22186D0F183D86A5005E42AC /* uMobile-Info.plist */,
				22186D10183D86A5005E42AC /* InfoPlist.strings */,
				22186D13183D86A5005E42AC /* main.m */,
				22186D15183D86A5005E42AC /* uMobile-Prefix.pch */,
			);
			name = "Supporting Files";
			sourceTree = "<group>";
		};
		75908F3318DC9C02007861B7 /* View */ = {
			isa = PBXGroup;
			children = (
				B5B86623191ABB1100C9F460 /* HeaderView.h */,
				B5B86624191ABB1100C9F460 /* HeaderView.m */,
				22186D3F183D8859005E42AC /* TableCell.h */,
				22186D40183D8859005E42AC /* TableCell.m */,
				FC77CC0E1A0413E600DE6E98 /* TableActivityIndicatorView.h */,
				FC77CC0F1A0413E600DE6E98 /* TableActivityIndicatorView.m */,
			);
			name = View;
			sourceTree = "<group>";
		};
		75908F3418DC9C15007861B7 /* Model */ = {
			isa = PBXGroup;
			children = (
				B59B071518D2300500C2B5E5 /* Constants.h */,
				B5AC41A71906BFD100E78E34 /* Constants.m */,
				B52E8EC7195DEFDC001363D2 /* NSString+URLEncoding.h */,
				B52E8EC8195DEFDC001363D2 /* NSString+URLEncoding.m */,
			);
			name = Model;
			sourceTree = "<group>";
		};
		75908F3518DC9C2A007861B7 /* Controller */ = {
			isa = PBXGroup;
			children = (
				22186D1C183D86A5005E42AC /* MainViewController.h */,
				22186D1D183D86A5005E42AC /* MainViewController.m */,
				75D3A09718BE9741008D7239 /* LoginViewController.h */,
				75D3A09818BE9741008D7239 /* LoginViewController.m */,
				22186D1F183D86A5005E42AC /* PortletViewController.h */,
				22186D20183D86A5005E42AC /* PortletViewController.m */,
				B5AAC992191D028300F6DDA7 /* InfoViewController.h */,
				B5AAC993191D028400F6DDA7 /* InfoViewController.m */,
				FC53FC4E19E5DFD400FEBE73 /* ErrorViewController.h */,
				FC53FC4F19E5DFD400FEBE73 /* ErrorViewController.m */,
			);
			name = Controller;
			sourceTree = "<group>";
		};
		B59B7E5618C66910007C1FBD /* NJKWebViewProgress */ = {
			isa = PBXGroup;
			children = (
				B59B7E5718C66910007C1FBD /* NJKWebViewProgress.h */,
				B59B7E5818C66910007C1FBD /* NJKWebViewProgress.m */,
				B59B7E5918C66910007C1FBD /* NJKWebViewProgressView.h */,
				B59B7E5A18C66910007C1FBD /* NJKWebViewProgressView.m */,
			);
			name = NJKWebViewProgress;
			path = NJKWebViewProgress/NJKWebViewProgress;
			sourceTree = SOURCE_ROOT;
		};
		B5DC2DA918DA0D4C001F0579 /* KeychainItemWrapper */ = {
			isa = PBXGroup;
			children = (
				B5DC2DAA18DA0D4C001F0579 /* KeychainItemWrapper.h */,
				B5DC2DAB18DA0D4C001F0579 /* KeychainItemWrapper.m */,
			);
			path = KeychainItemWrapper;
			sourceTree = SOURCE_ROOT;
		};
		FC53FC5119E6CE3900FEBE73 /* Reachability */ = {
			isa = PBXGroup;
			children = (
				229EE3F018989533004EAACB /* Reachability.h */,
				229EE3F118989533004EAACB /* Reachability.m */,
			);
			name = Reachability;
			sourceTree = "<group>";
		};
		FCC051FE19DB60620031A838 /* Helpers */ = {
			isa = PBXGroup;
			children = (
				B5E3559019118C8700AD7506 /* Authenticator.h */,
				B5E3559119118C8700AD7506 /* Authenticator.m */,
				FCC051FB19DB60530031A838 /* Config.h */,
				FCC051FC19DB60530031A838 /* Config.m */,
				752698E418DC7C33002234FC /* LayoutJSON.h */,
				752698E518DC7C33002234FC /* LayoutJSON.m */,
			);
			name = Helpers;
			sourceTree = "<group>";
		};
/* End PBXGroup section */

/* Begin PBXNativeTarget section */
		22186D03183D86A5005E42AC /* uMobile */ = {
			isa = PBXNativeTarget;
			buildConfigurationList = 22186D39183D86A5005E42AC /* Build configuration list for PBXNativeTarget "uMobile" */;
			buildPhases = (
				22186D00183D86A5005E42AC /* Sources */,
				22186D01183D86A5005E42AC /* Frameworks */,
				22186D02183D86A5005E42AC /* Resources */,
			);
			buildRules = (
			);
			dependencies = (
			);
			name = uMobile;
			productName = uMobile;
			productReference = 22186D04183D86A5005E42AC /* uMobile.app */;
			productType = "com.apple.product-type.application";
		};
/* End PBXNativeTarget section */

/* Begin PBXProject section */
		22186CFC183D86A5005E42AC /* Project object */ = {
			isa = PBXProject;
			attributes = {
				LastUpgradeCheck = 0720;
				ORGANIZATIONNAME = uMobile;
			};
			buildConfigurationList = 22186CFF183D86A5005E42AC /* Build configuration list for PBXProject "uMobile" */;
			compatibilityVersion = "Xcode 3.2";
			developmentRegion = English;
			hasScannedForEncodings = 0;
			knownRegions = (
				en,
				Base,
			);
			mainGroup = 22186CFB183D86A5005E42AC;
			productRefGroup = 22186D05183D86A5005E42AC /* Products */;
			projectDirPath = "";
			projectRoot = "";
			targets = (
				22186D03183D86A5005E42AC /* uMobile */,
			);
		};
/* End PBXProject section */

/* Begin PBXResourcesBuildPhase section */
		22186D02183D86A5005E42AC /* Resources */ = {
			isa = PBXResourcesBuildPhase;
			buildActionMask = 2147483647;
			files = (
				B560C0281C2E5A070036635A /* Launch Screen.storyboard in Resources */,
				22186D23183D86A5005E42AC /* Assets.xcassets in Resources */,
				22186D12183D86A5005E42AC /* InfoPlist.strings in Resources */,
				B58AF2141964A2130023731F /* Main.storyboard in Resources */,
				B5F9795118D8CDEA001B48A1 /* Other Services Portlets.plist in Resources */,
			);
			runOnlyForDeploymentPostprocessing = 0;
		};
/* End PBXResourcesBuildPhase section */

/* Begin PBXSourcesBuildPhase section */
		22186D00183D86A5005E42AC /* Sources */ = {
			isa = PBXSourcesBuildPhase;
			buildActionMask = 2147483647;
			files = (
				FC53FC5019E5DFD400FEBE73 /* ErrorViewController.m in Sources */,
				75D3A09918BE9741008D7239 /* LoginViewController.m in Sources */,
				22186D18183D86A5005E42AC /* AppDelegate.m in Sources */,
				FC77CC101A0413E600DE6E98 /* TableActivityIndicatorView.m in Sources */,
				B5E3559219118C8700AD7506 /* Authenticator.m in Sources */,
				22186D1E183D86A5005E42AC /* MainViewController.m in Sources */,
				B59B7E5B18C66910007C1FBD /* NJKWebViewProgress.m in Sources */,
				B5AC41A81906BFD100E78E34 /* Constants.m in Sources */,
				229EE3F218989533004EAACB /* Reachability.m in Sources */,
				B5B86625191ABB1100C9F460 /* HeaderView.m in Sources */,
				B5AAC994191D028400F6DDA7 /* InfoViewController.m in Sources */,
				752698E618DC7C33002234FC /* LayoutJSON.m in Sources */,
				B5DC2DAC18DA0D4C001F0579 /* KeychainItemWrapper.m in Sources */,
				B59B7E5C18C66910007C1FBD /* NJKWebViewProgressView.m in Sources */,
				22186D14183D86A5005E42AC /* main.m in Sources */,
				22186D41183D8859005E42AC /* TableCell.m in Sources */,
				B52E8EC9195DEFDC001363D2 /* NSString+URLEncoding.m in Sources */,
				FCC051FD19DB60530031A838 /* Config.m in Sources */,
				22186D21183D86A5005E42AC /* PortletViewController.m in Sources */,
			);
			runOnlyForDeploymentPostprocessing = 0;
		};
/* End PBXSourcesBuildPhase section */

/* Begin PBXVariantGroup section */
		22186D10183D86A5005E42AC /* InfoPlist.strings */ = {
			isa = PBXVariantGroup;
			children = (
				22186D11183D86A5005E42AC /* en */,
			);
			name = InfoPlist.strings;
			sourceTree = "<group>";
		};
/* End PBXVariantGroup section */

/* Begin XCBuildConfiguration section */
		22186D37183D86A5005E42AC /* Debug */ = {
			isa = XCBuildConfiguration;
			buildSettings = {
				ALWAYS_SEARCH_USER_PATHS = NO;
				CLANG_CXX_LANGUAGE_STANDARD = "gnu++0x";
				CLANG_CXX_LIBRARY = "libc++";
				CLANG_ENABLE_MODULES = YES;
				CLANG_ENABLE_OBJC_ARC = YES;
				CLANG_WARN_BOOL_CONVERSION = YES;
				CLANG_WARN_CONSTANT_CONVERSION = YES;
				CLANG_WARN_DIRECT_OBJC_ISA_USAGE = YES_ERROR;
				CLANG_WARN_EMPTY_BODY = YES;
				CLANG_WARN_ENUM_CONVERSION = YES;
				CLANG_WARN_INT_CONVERSION = YES;
				CLANG_WARN_OBJC_ROOT_CLASS = YES_ERROR;
				CLANG_WARN__DUPLICATE_METHOD_MATCH = YES;
				"CODE_SIGN_IDENTITY[sdk=iphoneos*]" = "iPhone Developer";
				COPY_PHASE_STRIP = NO;
				ENABLE_TESTABILITY = YES;
				GCC_C_LANGUAGE_STANDARD = gnu99;
				GCC_DYNAMIC_NO_PIC = NO;
				GCC_OPTIMIZATION_LEVEL = 0;
				GCC_PREPROCESSOR_DEFINITIONS = (
					"DEBUG=1",
					"$(inherited)",
				);
				GCC_SYMBOLS_PRIVATE_EXTERN = NO;
				GCC_WARN_64_TO_32_BIT_CONVERSION = YES;
				GCC_WARN_ABOUT_RETURN_TYPE = YES_ERROR;
				GCC_WARN_UNDECLARED_SELECTOR = YES;
				GCC_WARN_UNINITIALIZED_AUTOS = YES;
				GCC_WARN_UNUSED_FUNCTION = YES;
				GCC_WARN_UNUSED_VARIABLE = YES;
				IPHONEOS_DEPLOYMENT_TARGET = 7.0;
				ONLY_ACTIVE_ARCH = YES;
				SDKROOT = iphoneos;
			};
			name = Debug;
		};
		22186D38183D86A5005E42AC /* Release */ = {
			isa = XCBuildConfiguration;
			buildSettings = {
				ALWAYS_SEARCH_USER_PATHS = NO;
				CLANG_CXX_LANGUAGE_STANDARD = "gnu++0x";
				CLANG_CXX_LIBRARY = "libc++";
				CLANG_ENABLE_MODULES = YES;
				CLANG_ENABLE_OBJC_ARC = YES;
				CLANG_WARN_BOOL_CONVERSION = YES;
				CLANG_WARN_CONSTANT_CONVERSION = YES;
				CLANG_WARN_DIRECT_OBJC_ISA_USAGE = YES_ERROR;
				CLANG_WARN_EMPTY_BODY = YES;
				CLANG_WARN_ENUM_CONVERSION = YES;
				CLANG_WARN_INT_CONVERSION = YES;
				CLANG_WARN_OBJC_ROOT_CLASS = YES_ERROR;
				CLANG_WARN__DUPLICATE_METHOD_MATCH = YES;
				"CODE_SIGN_IDENTITY[sdk=iphoneos*]" = "iPhone Developer";
				COPY_PHASE_STRIP = YES;
				ENABLE_NS_ASSERTIONS = NO;
				GCC_C_LANGUAGE_STANDARD = gnu99;
				GCC_WARN_64_TO_32_BIT_CONVERSION = YES;
				GCC_WARN_ABOUT_RETURN_TYPE = YES_ERROR;
				GCC_WARN_UNDECLARED_SELECTOR = YES;
				GCC_WARN_UNINITIALIZED_AUTOS = YES;
				GCC_WARN_UNUSED_FUNCTION = YES;
				GCC_WARN_UNUSED_VARIABLE = YES;
				IPHONEOS_DEPLOYMENT_TARGET = 7.0;
				SDKROOT = iphoneos;
				VALIDATE_PRODUCT = YES;
			};
			name = Release;
		};
		22186D3A183D86A5005E42AC /* Debug */ = {
			isa = XCBuildConfiguration;
			buildSettings = {
				ASSETCATALOG_COMPILER_APPICON_NAME = AppIcon;
				CODE_SIGN_IDENTITY = "iPhone Developer";
				"CODE_SIGN_IDENTITY[sdk=iphoneos*]" = "iPhone Developer";
				GCC_PRECOMPILE_PREFIX_HEADER = YES;
				GCC_PREFIX_HEADER = "uMobile/uMobile-Prefix.pch";
				HEADER_SEARCH_PATHS = (
					"$(inherited)",
					/Applications/Xcode.app/Contents/Developer/Toolchains/XcodeDefault.xctoolchain/usr/include,
					"${SDK_DIR}/usr/include/libxml2",
				);
				INFOPLIST_FILE = "uMobile/uMobile-Info.plist";
				IPHONEOS_DEPLOYMENT_TARGET = 8.0;
				PRODUCT_BUNDLE_IDENTIFIER = com.example.umobile;
				PRODUCT_NAME = uMobile;
				PROVISIONING_PROFILE = "";
				TARGETED_DEVICE_FAMILY = "1,2";
				USER_HEADER_SEARCH_PATHS = "${SDK_DIR}/usr/include/libxml2";
				WRAPPER_EXTENSION = app;
			};
			name = Debug;
		};
		22186D3B183D86A5005E42AC /* Release */ = {
			isa = XCBuildConfiguration;
			buildSettings = {
				ASSETCATALOG_COMPILER_APPICON_NAME = AppIcon;
				CODE_SIGN_IDENTITY = "iPhone Developer";
				"CODE_SIGN_IDENTITY[sdk=iphoneos*]" = "iPhone Developer";
				GCC_PRECOMPILE_PREFIX_HEADER = YES;
				GCC_PREFIX_HEADER = "uMobile/uMobile-Prefix.pch";
				HEADER_SEARCH_PATHS = (
					"$(inherited)",
					/Applications/Xcode.app/Contents/Developer/Toolchains/XcodeDefault.xctoolchain/usr/include,
					"${SDK_DIR}/usr/include/libxml2",
				);
				INFOPLIST_FILE = "uMobile/uMobile-Info.plist";
				IPHONEOS_DEPLOYMENT_TARGET = 8.0;
				PRODUCT_BUNDLE_IDENTIFIER = com.example.umobile;
				PRODUCT_NAME = uMobile;
				PROVISIONING_PROFILE = "";
				TARGETED_DEVICE_FAMILY = "1,2";
				USER_HEADER_SEARCH_PATHS = "${SDK_DIR}/usr/include/libxml2";
				WRAPPER_EXTENSION = app;
			};
			name = Release;
		};
/* End XCBuildConfiguration section */

/* Begin XCConfigurationList section */
		22186CFF183D86A5005E42AC /* Build configuration list for PBXProject "uMobile" */ = {
			isa = XCConfigurationList;
			buildConfigurations = (
				22186D37183D86A5005E42AC /* Debug */,
				22186D38183D86A5005E42AC /* Release */,
			);
			defaultConfigurationIsVisible = 0;
			defaultConfigurationName = Release;
		};
		22186D39183D86A5005E42AC /* Build configuration list for PBXNativeTarget "uMobile" */ = {
			isa = XCConfigurationList;
			buildConfigurations = (
				22186D3A183D86A5005E42AC /* Debug */,
				22186D3B183D86A5005E42AC /* Release */,
			);
			defaultConfigurationIsVisible = 0;
			defaultConfigurationName = Release;
		};
/* End XCConfigurationList section */
	};
	rootObject = 22186CFC183D86A5005E42AC /* Project object */;
}
